Microsoft Visual Studio Solution File, Format Version 12.00
# Visual Studio Version 17
VisualStudioVersion = 17.13.35919.96
MinimumVisualStudioVersion = 10.0.40219.1
Project("{FAE04EC0-301F-11D3-BF4B-00C04F79EFBC}") = "GorillaStats", "GorillaStats.csproj", "{A7016DF6-0CB4-DB7A-27BD-0B00AE52CCA0}"
EndProject
Global
	GlobalSection(SolutionConfigurationPlatforms) = preSolution
		Debug|Any CPU = Debug|Any CPU
		Release|Any CPU = Release|Any CPU
	EndGlobalSection
	GlobalSection(ProjectConfigurationPlatforms) = postSolution
		{A7016DF6-0CB4-DB7A-27BD-0B00AE52CCA0}.Debug|Any CPU.ActiveCfg = Debug|Any CPU
		{A7016DF6-0CB4-DB7A-27BD-0B00AE52CCA0}.Debug|Any CPU.Build.0 = Debug|Any CPU
		{A7016DF6-0CB4-DB7A-27BD-0B00AE52CCA0}.Release|Any CPU.ActiveCfg = Release|Any CPU
		{A7016DF6-0CB4-DB7A-27BD-0B00AE52CCA0}.Release|Any CPU.Build.0 = Release|Any CPU
	EndGlobalSection
	GlobalSection(SolutionProperties) = preSolution
		HideSolutionNode = FALSE
	EndGlobalSection
	GlobalSection(ExtensibilityGlobals) = postSolution
		SolutionGuid = {09092C7D-8C80-4019-B8C0-D0C270C69CD6}
	EndGlobalSection
EndGlobal
